
Microsoft Visual Studio Solution File, Format Version 12.00
# Visual Studio Version 17
VisualStudioVersion = 17.5.2.0
MinimumVisualStudioVersion = 10.0.40219.1
Project("{FAE04EC0-301F-11D3-BF4B-00C04F79EFBC}") = "tss", "tss.csproj", "{8630891B-666A-244A-C1C3-655726A50FE9}"
EndProject
Project("{FAE04EC0-301F-11D3-BF4B-00C04F79EFBC}") = "Calculator", "Calculator\Calculator.csproj", "{D0036F56-50B2-4E91-B3CA-0C75BAC6ACE6}"
EndProject
Project("{FAE04EC0-301F-11D3-BF4B-00C04F79EFBC}") = "Calculator.Tests", "Calculator.Tests\Calculator.Tests.csproj", "{A2B73484-2B90-4BE8-84A9-778B6CBD83E0}"
EndProject
Global
	GlobalSection(SolutionConfigurationPlatforms) = preSolution
		Debug|Any CPU = Debug|Any CPU
		Debug|x64 = Debug|x64
		Debug|x86 = Debug|x86
		Release|Any CPU = Release|Any CPU
		Release|x64 = Release|x64
		Release|x86 = Release|x86
	EndGlobalSection
	GlobalSection(ProjectConfigurationPlatforms) = postSolution
		{8630891B-666A-244A-C1C3-655726A50FE9}.Debug|Any CPU.ActiveCfg = Debug|Any CPU
		{8630891B-666A-244A-C1C3-655726A50FE9}.Debug|Any CPU.Build.0 = Debug|Any CPU
		{8630891B-666A-244A-C1C3-655726A50FE9}.Debug|x64.ActiveCfg = Debug|Any CPU
		{8630891B-666A-244A-C1C3-655726A50FE9}.Debug|x64.Build.0 = Debug|Any CPU
		{8630891B-666A-244A-C1C3-655726A50FE9}.Debug|x86.ActiveCfg = Debug|Any CPU
		{8630891B-666A-244A-C1C3-655726A50FE9}.Debug|x86.Build.0 = Debug|Any CPU
		{8630891B-666A-244A-C1C3-655726A50FE9}.Release|Any CPU.ActiveCfg = Release|Any CPU
		{8630891B-666A-244A-C1C3-655726A50FE9}.Release|Any CPU.Build.0 = Release|Any CPU
		{8630891B-666A-244A-C1C3-655726A50FE9}.Release|x64.ActiveCfg = Release|Any CPU
		{8630891B-666A-244A-C1C3-655726A50FE9}.Release|x64.Build.0 = Release|Any CPU
		{8630891B-666A-244A-C1C3-655726A50FE9}.Release|x86.ActiveCfg = Release|Any CPU
		{8630891B-666A-244A-C1C3-655726A50FE9}.Release|x86.Build.0 = Release|Any CPU
		{D0036F56-50B2-4E91-B3CA-0C75BAC6ACE6}.Debug|Any CPU.ActiveCfg = Debug|Any CPU
		{D0036F56-50B2-4E91-B3CA-0C75BAC6ACE6}.Debug|Any CPU.Build.0 = Debug|Any CPU
		{D0036F56-50B2-4E91-B3CA-0C75BAC6ACE6}.Debug|x64.ActiveCfg = Debug|Any CPU
		{D0036F56-50B2-4E91-B3CA-0C75BAC6ACE6}.Debug|x64.Build.0 = Debug|Any CPU
		{D0036F56-50B2-4E91-B3CA-0C75BAC6ACE6}.Debug|x86.ActiveCfg = Debug|Any CPU
		{D0036F56-50B2-4E91-B3CA-0C75BAC6ACE6}.Debug|x86.Build.0 = Debug|Any CPU
		{D0036F56-50B2-4E91-B3CA-0C75BAC6ACE6}.Release|Any CPU.ActiveCfg = Release|Any CPU
		{D0036F56-50B2-4E91-B3CA-0C75BAC6ACE6}.Release|Any CPU.Build.0 = Release|Any CPU
		{D0036F56-50B2-4E91-B3CA-0C75BAC6ACE6}.Release|x64.ActiveCfg = Release|Any CPU
		{D0036F56-50B2-4E91-B3CA-0C75BAC6ACE6}.Release|x64.Build.0 = Release|Any CPU
		{D0036F56-50B2-4E91-B3CA-0C75BAC6ACE6}.Release|x86.ActiveCfg = Release|Any CPU
		{D0036F56-50B2-4E91-B3CA-0C75BAC6ACE6}.Release|x86.Build.0 = Release|Any CPU
		{A2B73484-2B90-4BE8-84A9-778B6CBD83E0}.Debug|Any CPU.ActiveCfg = Debug|Any CPU
		{A2B73484-2B90-4BE8-84A9-778B6CBD83E0}.Debug|Any CPU.Build.0 = Debug|Any CPU
		{A2B73484-2B90-4BE8-84A9-778B6CBD83E0}.Debug|x64.ActiveCfg = Debug|Any CPU
		{A2B73484-2B90-4BE8-84A9-778B6CBD83E0}.Debug|x64.Build.0 = Debug|Any CPU
		{A2B73484-2B90-4BE8-84A9-778B6CBD83E0}.Debug|x86.ActiveCfg = Debug|Any CPU
		{A2B73484-2B90-4BE8-84A9-778B6CBD83E0}.Debug|x86.Build.0 = Debug|Any CPU
		{A2B73484-2B90-4BE8-84A9-778B6CBD83E0}.Release|Any CPU.ActiveCfg = Release|Any CPU
		{A2B73484-2B90-4BE8-84A9-778B6CBD83E0}.Release|Any CPU.Build.0 = Release|Any CPU
		{A2B73484-2B90-4BE8-84A9-778B6CBD83E0}.Release|x64.ActiveCfg = Release|Any CPU
		{A2B73484-2B90-4BE8-84A9-778B6CBD83E0}.Release|x64.Build.0 = Release|Any CPU
		{A2B73484-2B90-4BE8-84A9-778B6CBD83E0}.Release|x86.ActiveCfg = Release|Any CPU
		{A2B73484-2B90-4BE8-84A9-778B6CBD83E0}.Release|x86.Build.0 = Release|Any CPU
	EndGlobalSection
	GlobalSection(SolutionProperties) = preSolution
		HideSolutionNode = FALSE
	EndGlobalSection
	GlobalSection(ExtensibilityGlobals) = postSolution
		SolutionGuid = {39FF9C59-0378-4927-B9AD-58C97125A0B1}
	EndGlobalSection
EndGlobal
